
Microsoft Visual Studio Solution File, Format Version 12.00
# Visual Studio Version 16
VisualStudioVersion = 16.0.31321.278
MinimumVisualStudioVersion = 10.0.40219.1
Project("{FAE04EC0-301F-11D3-BF4B-00C04F79EFBC}") = "Szyfr_Cezara", "Szyfr_Cezara\Szyfr_Cezara.csproj", "{63226C85-9838-4BBF-A028-20D970547320}"
EndProject
Global
	GlobalSection(SolutionConfigurationPlatforms) = preSolution
		Debug|Any CPU = Debug|Any CPU
		Release|Any CPU = Release|Any CPU
	EndGlobalSection
	GlobalSection(ProjectConfigurationPlatforms) = postSolution
		{63226C85-9838-4BBF-A028-20D970547320}.Debug|Any CPU.ActiveCfg = Debug|Any CPU
		{63226C85-9838-4BBF-A028-20D970547320}.Debug|Any CPU.Build.0 = Debug|Any CPU
		{63226C85-9838-4BBF-A028-20D970547320}.Release|Any CPU.ActiveCfg = Release|Any CPU
		{63226C85-9838-4BBF-A028-20D970547320}.Release|Any CPU.Build.0 = Release|Any CPU
	EndGlobalSection
	GlobalSection(SolutionProperties) = preSolution
		HideSolutionNode = FALSE
	EndGlobalSection
	GlobalSection(ExtensibilityGlobals) = postSolution
		SolutionGuid = {A55E4011-C9F7-46B7-B8D0-15260D8DE4EB}
	EndGlobalSection
EndGlobal
